// !$*UTF8*$!
{
	archiveVersion = 1;
	classes = {
	};
	objectVersion = 46;
	objects = {

/* Begin PBXBuildFile section */
		3683AC851C307093001CF22B /* main.m in Sources */ = {isa = PBXBuildFile; fileRef = 3683AC841C307093001CF22B /* main.m */; };
		3683AC881C307093001CF22B /* AppDelegate.m in Sources */ = {isa = PBXBuildFile; fileRef = 3683AC871C307093001CF22B /* AppDelegate.m */; };
		3683AC8B1C307093001CF22B /* TaxCalculator.xcdatamodeld in Sources */ = {isa = PBXBuildFile; fileRef = 3683AC891C307093001CF22B /* TaxCalculator.xcdatamodeld */; };
		3683AC8E1C307093001CF22B /* ViewController.m in Sources */ = {isa = PBXBuildFile; fileRef = 3683AC8D1C307093001CF22B /* ViewController.m */; };
		3683AC911C307093001CF22B /* Main.storyboard in Resources */ = {isa = PBXBuildFile; fileRef = 3683AC8F1C307093001CF22B /* Main.storyboard */; };
		3683AC931C307093001CF22B /* Images.xcassets in Resources */ = {isa = PBXBuildFile; fileRef = 3683AC921C307093001CF22B /* Images.xcassets */; };
		3683AC961C307093001CF22B /* LaunchScreen.xib in Resources */ = {isa = PBXBuildFile; fileRef = 3683AC941C307093001CF22B /* LaunchScreen.xib */; };
		3683ACA21C307093001CF22B /* TaxCalculatorTests.m in Sources */ = {isa = PBXBuildFile; fileRef = 3683ACA11C307093001CF22B /* TaxCalculatorTests.m */; };
		3683ACB51C34F0BE001CF22B /* gold_bg@2x.png in Resources */ = {isa = PBXBuildFile; fileRef = 3683ACAB1C34F0BE001CF22B /* gold_bg@2x.png */; };
		3683ACB61C34F0BE001CF22B /* gold_bg@3x.png in Resources */ = {isa = PBXBuildFile; fileRef = 3683ACAC1C34F0BE001CF22B /* gold_bg@3x.png */; };
		3683ACB71C34F0BE001CF22B /* green_bg@2x.png in Resources */ = {isa = PBXBuildFile; fileRef = 3683ACAD1C34F0BE001CF22B /* green_bg@2x.png */; };
		3683ACB81C34F0BE001CF22B /* green_bg@3x.png in Resources */ = {isa = PBXBuildFile; fileRef = 3683ACAE1C34F0BE001CF22B /* green_bg@3x.png */; };
		3683ACB91C34F0BE001CF22B /* icon@2x.png in Resources */ = {isa = PBXBuildFile; fileRef = 3683ACAF1C34F0BE001CF22B /* icon@2x.png */; };
		3683ACBA1C34F0BE001CF22B /* icon@3x.png in Resources */ = {isa = PBXBuildFile; fileRef = 3683ACB01C34F0BE001CF22B /* icon@3x.png */; };
		3683ACBB1C34F0BE001CF22B /* orange_bg@2x.png in Resources */ = {isa = PBXBuildFile; fileRef = 3683ACB11C34F0BE001CF22B /* orange_bg@2x.png */; };
		3683ACBC1C34F0BE001CF22B /* orange_bg@3x.png in Resources */ = {isa = PBXBuildFile; fileRef = 3683ACB21C34F0BE001CF22B /* orange_bg@3x.png */; };
		3683ACBD1C34F0BE001CF22B /* purple_bg@2x.png in Resources */ = {isa = PBXBuildFile; fileRef = 3683ACB31C34F0BE001CF22B /* purple_bg@2x.png */; };
		3683ACBE1C34F0BE001CF22B /* purple_bg@3x.png in Resources */ = {isa = PBXBuildFile; fileRef = 3683ACB41C34F0BE001CF22B /* purple_bg@3x.png */; };
/* End PBXBuildFile section */

/* Begin PBXContainerItemProxy section */
		3683AC9C1C307093001CF22B /* PBXContainerItemProxy */ = {
			isa = PBXContainerItemProxy;
			containerPortal = 3683AC771C307093001CF22B /* Project object */;
			proxyType = 1;
			remoteGlobalIDString = 3683AC7E1C307093001CF22B;
			remoteInfo = TaxCalculator;
		};
/* End PBXContainerItemProxy section */

/* Begin PBXFileReference section */
		3683AC7F1C307093001CF22B /* TaxCalculator.app */ = {isa = PBXFileReference; explicitFileType = wrapper.application; includeInIndex = 0; path = TaxCalculator.app; sourceTree = BUILT_PRODUCTS_DIR; };
		3683AC831C307093001CF22B /* Info.plist */ = {isa = PBXFileReference; lastKnownFileType = text.plist.xml; path = Info.plist; sourceTree = "<group>"; };
		3683AC841C307093001CF22B /* main.m */ = {isa = PBXFileReference; lastKnownFileType = sourcecode.c.objc; path = main.m; sourceTree = "<group>"; };
		3683AC861C307093001CF22B /* AppDelegate.h */ = {isa = PBXFileReference; lastKnownFileType = sourcecode.c.h; path = AppDelegate.h; sourceTree = "<group>"; };
		3683AC871C307093001CF22B /* AppDelegate.m */ = {isa = PBXFileReference; lastKnownFileType = sourcecode.c.objc; path = AppDelegate.m; sourceTree = "<group>"; };
		3683AC8A1C307093001CF22B /* TaxCalculator.xcdatamodel */ = {isa = PBXFileReference; lastKnownFileType = wrapper.xcdatamodel; path = TaxCalculator.xcdatamodel; sourceTree = "<group>"; };
		3683AC8C1C307093001CF22B /* ViewController.h */ = {isa = PBXFileReference; lastKnownFileType = sourcecode.c.h; path = ViewController.h; sourceTree = "<group>"; };
		3683AC8D1C307093001CF22B /* ViewController.m */ = {isa = PBXFileReference; lastKnownFileType = sourcecode.c.objc; path = ViewController.m; sourceTree = "<group>"; };
		3683AC901C307093001CF22B /* Base */ = {isa = PBXFileReference; lastKnownFileType = file.storyboard; name = Base; path = Base.lproj/Main.storyboard; sourceTree = "<group>"; };
		3683AC921C307093001CF22B /* Images.xcassets */ = {isa = PBXFileReference; lastKnownFileType = folder.assetcatalog; path = Images.xcassets; sourceTree = "<group>"; };
		3683AC951C307093001CF22B /* Base */ = {isa = PBXFileReference; lastKnownFileType = file.xib; name = Base; path = Base.lproj/LaunchScreen.xib; sourceTree = "<group>"; };
		3683AC9B1C307093001CF22B /* TaxCalculatorTests.xctest */ = {isa = PBXFileReference; explicitFileType = wrapper.cfbundle; includeInIndex = 0; path = TaxCalculatorTests.xctest; sourceTree = BUILT_PRODUCTS_DIR; };
		3683ACA01C307093001CF22B /* Info.plist */ = {isa = PBXFileReference; lastKnownFileType = text.plist.xml; path = Info.plist; sourceTree = "<group>"; };
		3683ACA11C307093001CF22B /* TaxCalculatorTests.m */ = {isa = PBXFileReference; lastKnownFileType = sourcecode.c.objc; path = TaxCalculatorTests.m; sourceTree = "<group>"; };
		3683ACAB1C34F0BE001CF22B /* gold_bg@2x.png */ = {isa = PBXFileReference; lastKnownFileType = image.png; path = "gold_bg@2x.png"; sourceTree = "<group>"; };
		3683ACAC1C34F0BE001CF22B /* gold_bg@3x.png */ = {isa = PBXFileReference; lastKnownFileType = image.png; path = "gold_bg@3x.png"; sourceTree = "<group>"; };
		3683ACAD1C34F0BE001CF22B /* green_bg@2x.png */ = {isa = PBXFileReference; lastKnownFileType = image.png; path = "green_bg@2x.png"; sourceTree = "<group>"; };
		3683ACAE1C34F0BE001CF22B /* green_bg@3x.png */ = {isa = PBXFileReference; lastKnownFileType = image.png; path = "green_bg@3x.png"; sourceTree = "<group>"; };
		3683ACAF1C34F0BE001CF22B /* icon@2x.png */ = {isa = PBXFileReference; lastKnownFileType = image.png; path = "icon@2x.png"; sourceTree = "<group>"; };
		3683ACB01C34F0BE001CF22B /* icon@3x.png */ = {isa = PBXFileReference; lastKnownFileType = image.png; path = "icon@3x.png"; sourceTree = "<group>"; };
		3683ACB11C34F0BE001CF22B /* orange_bg@2x.png */ = {isa = PBXFileReference; lastKnownFileType = image.png; path = "orange_bg@2x.png"; sourceTree = "<group>"; };
		3683ACB21C34F0BE001CF22B /* orange_bg@3x.png */ = {isa = PBXFileReference; lastKnownFileType = image.png; path = "orange_bg@3x.png"; sourceTree = "<group>"; };
		3683ACB31C34F0BE001CF22B /* purple_bg@2x.png */ = {isa = PBXFileReference; lastKnownFileType = image.png; path = "purple_bg@2x.png"; sourceTree = "<group>"; };
		3683ACB41C34F0BE001CF22B /* purple_bg@3x.png */ = {isa = PBXFileReference; lastKnownFileType = image.png; path = "purple_bg@3x.png"; sourceTree = "<group>"; };
/* End PBXFileReference section */

/* Begin PBXFrameworksBuildPhase section */
		3683AC7C1C307093001CF22B /* Frameworks */ = {
			isa = PBXFrameworksBuildPhase;
			buildActionMask = 2147483647;
			files = (
			);
			runOnlyForDeploymentPostprocessing = 0;
		};
		3683AC981C307093001CF22B /* Frameworks */ = {
			isa = PBXFrameworksBuildPhase;
			buildActionMask = 2147483647;
			files = (
			);
			runOnlyForDeploymentPostprocessing = 0;
		};
/* End PBXFrameworksBuildPhase section */

/* Begin PBXGroup section */
		3683AC761C307093001CF22B = {
			isa = PBXGroup;
			children = (
				3683AC811C307093001CF22B /* TaxCalculator */,
				3683AC9E1C307093001CF22B /* TaxCalculatorTests */,
				3683AC801C307093001CF22B /* Products */,
			);
			sourceTree = "<group>";
		};
		3683AC801C307093001CF22B /* Products */ = {
			isa = PBXGroup;
			children = (
				3683AC7F1C307093001CF22B /* TaxCalculator.app */,
				3683AC9B1C307093001CF22B /* TaxCalculatorTests.xctest */,
			);
			name = Products;
			sourceTree = "<group>";
		};
		3683AC811C307093001CF22B /* TaxCalculator */ = {
			isa = PBXGroup;
			children = (
				3683AC861C307093001CF22B /* AppDelegate.h */,
				3683AC871C307093001CF22B /* AppDelegate.m */,
				3683AC8C1C307093001CF22B /* ViewController.h */,
				3683AC8D1C307093001CF22B /* ViewController.m */,
				3683AC8F1C307093001CF22B /* Main.storyboard */,
				3683AC921C307093001CF22B /* Images.xcassets */,
				3683AC941C307093001CF22B /* LaunchScreen.xib */,
				3683AC891C307093001CF22B /* TaxCalculator.xcdatamodeld */,
				3683AC821C307093001CF22B /* Supporting Files */,
			);
			path = TaxCalculator;
			sourceTree = "<group>";
		};
		3683AC821C307093001CF22B /* Supporting Files */ = {
			isa = PBXGroup;
			children = (
				3683ACAB1C34F0BE001CF22B /* gold_bg@2x.png */,
				3683ACAC1C34F0BE001CF22B /* gold_bg@3x.png */,
				3683ACAD1C34F0BE001CF22B /* green_bg@2x.png */,
				3683ACAE1C34F0BE001CF22B /* green_bg@3x.png */,
				3683ACAF1C34F0BE001CF22B /* icon@2x.png */,
				3683ACB01C34F0BE001CF22B /* icon@3x.png */,
				3683ACB11C34F0BE001CF22B /* orange_bg@2x.png */,
				3683ACB21C34F0BE001CF22B /* orange_bg@3x.png */,
				3683ACB31C34F0BE001CF22B /* purple_bg@2x.png */,
				3683ACB41C34F0BE001CF22B /* purple_bg@3x.png */,
				3683AC831C307093001CF22B /* Info.plist */,
				3683AC841C307093001CF22B /* main.m */,
			);
			name = "Supporting Files";
			sourceTree = "<group>";
		};
		3683AC9E1C307093001CF22B /* TaxCalculatorTests */ = {
			isa = PBXGroup;
			children = (
				3683ACA11C307093001CF22B /* TaxCalculatorTests.m */,
				3683AC9F1C307093001CF22B /* Supporting Files */,
			);
			path = TaxCalculatorTests;
			sourceTree = "<group>";
		};
		3683AC9F1C307093001CF22B /* Supporting Files */ = {
			isa = PBXGroup;
			children = (
				3683ACA01C307093001CF22B /* Info.plist */,
			);
			name = "Supporting Files";
			sourceTree = "<group>";
		};
/* End PBXGroup section */

/* Begin PBXNativeTarget section */
		3683AC7E1C307093001CF22B /* TaxCalculator */ = {
			isa = PBXNativeTarget;
			buildConfigurationList = 3683ACA51C307093001CF22B /* Build configuration list for PBXNativeTarget "TaxCalculator" */;
			buildPhases = (
				3683AC7B1C307093001CF22B /* Sources */,
				3683AC7C1C307093001CF22B /* Frameworks */,
				3683AC7D1C307093001CF22B /* Resources */,
			);
			buildRules = (
			);
			dependencies = (
			);
			name = TaxCalculator;
			productName = TaxCalculator;
			productReference = 3683AC7F1C307093001CF22B /* TaxCalculator.app */;
			productType = "com.apple.product-type.application";
		};
		3683AC9A1C307093001CF22B /* TaxCalculatorTests */ = {
			isa = PBXNativeTarget;
			buildConfigurationList = 3683ACA81C307093001CF22B /* Build configuration list for PBXNativeTarget "TaxCalculatorTests" */;
			buildPhases = (
				3683AC971C307093001CF22B /* Sources */,
				3683AC981C307093001CF22B /* Frameworks */,
				3683AC991C307093001CF22B /* Resources */,
			);
			buildRules = (
			);
			dependencies = (
				3683AC9D1C307093001CF22B /* PBXTargetDependency */,
			);
			name = TaxCalculatorTests;
			productName = TaxCalculatorTests;
			productReference = 3683AC9B1C307093001CF22B /* TaxCalculatorTests.xctest */;
			productType = "com.apple.product-type.bundle.unit-test";
		};
/* End PBXNativeTarget section */

/* Begin PBXProject section */
		3683AC771C307093001CF22B /* Project object */ = {
			isa = PBXProject;
			attributes = {
				LastUpgradeCheck = 0640;
				ORGANIZATIONNAME = "Susan Salas";
				TargetAttributes = {
					3683AC7E1C307093001CF22B = {
						CreatedOnToolsVersion = 6.4;
					};
					3683AC9A1C307093001CF22B = {
						CreatedOnToolsVersion = 6.4;
						TestTargetID = 3683AC7E1C307093001CF22B;
					};
				};
			};
			buildConfigurationList = 3683AC7A1C307093001CF22B /* Build configuration list for PBXProject "TaxCalculator" */;
			compatibilityVersion = "Xcode 3.2";
			developmentRegion = English;
			hasScannedForEncodings = 0;
			knownRegions = (
				en,
				Base,
			);
			mainGroup = 3683AC761C307093001CF22B;
			productRefGroup = 3683AC801C307093001CF22B /* Products */;
			projectDirPath = "";
			projectRoot = "";
			targets = (
				3683AC7E1C307093001CF22B /* TaxCalculator */,
				3683AC9A1C307093001CF22B /* TaxCalculatorTests */,
			);
		};
/* End PBXProject section */

/* Begin PBXResourcesBuildPhase section */
		3683AC7D1C307093001CF22B /* Resources */ = {
			isa = PBXResourcesBuildPhase;
			buildActionMask = 2147483647;
			files = (
				3683ACB61C34F0BE001CF22B /* gold_bg@3x.png in Resources */,
				3683ACBD1C34F0BE001CF22B /* purple_bg@2x.png in Resources */,
				3683ACB91C34F0BE001CF22B /* icon@2x.png in Resources */,
				3683ACBC1C34F0BE001CF22B /* orange_bg@3x.png in Resources */,
				3683ACBA1C34F0BE001CF22B /* icon@3x.png in Resources */,
				3683AC911C307093001CF22B /* Main.storyboard in Resources */,
				3683ACB51C34F0BE001CF22B /* gold_bg@2x.png in Resources */,
				3683ACBB1C34F0BE001CF22B /* orange_bg@2x.png in Resources */,
				3683ACBE1C34F0BE001CF22B /* purple_bg@3x.png in Resources */,
				3683AC961C307093001CF22B /* LaunchScreen.xib in Resources */,
				3683AC931C307093001CF22B /* Images.xcassets in Resources */,
				3683ACB71C34F0BE001CF22B /* green_bg@2x.png in Resources */,
				3683ACB81C34F0BE001CF22B /* green_bg@3x.png in Resources */,
			);
			runOnlyForDeploymentPostprocessing = 0;
		};
		3683AC991C307093001CF22B /* Resources */ = {
			isa = PBXResourcesBuildPhase;
			buildActionMask = 2147483647;
			files = (
			);
			runOnlyForDeploymentPostprocessing = 0;
		};
/* End PBXResourcesBuildPhase section */

/* Begin PBXSourcesBuildPhase section */
		3683AC7B1C307093001CF22B /* Sources */ = {
			isa = PBXSourcesBuildPhase;
			buildActionMask = 2147483647;
			files = (
				3683AC881C307093001CF22B /* AppDelegate.m in Sources */,
				3683AC851C307093001CF22B /* main.m in Sources */,
				3683AC8E1C307093001CF22B /* ViewController.m in Sources */,
				3683AC8B1C307093001CF22B /* TaxCalculator.xcdatamodeld in Sources */,
			);
			runOnlyForDeploymentPostprocessing = 0;
		};
		3683AC971C307093001CF22B /* Sources */ = {
			isa = PBXSourcesBuildPhase;
			buildActionMask = 2147483647;
			files = (
				3683ACA21C307093001CF22B /* TaxCalculatorTests.m in Sources */,
			);
			runOnlyForDeploymentPostprocessing = 0;
		};
/* End PBXSourcesBuildPhase section */

/* Begin PBXTargetDependency section */
		3683AC9D1C307093001CF22B /* PBXTargetDependency */ = {
			isa = PBXTargetDependency;
			target = 3683AC7E1C307093001CF22B /* TaxCalculator */;
			targetProxy = 3683AC9C1C307093001CF22B /* PBXContainerItemProxy */;
		};
/* End PBXTargetDependency section */

/* Begin PBXVariantGroup section */
		3683AC8F1C307093001CF22B /* Main.storyboard */ = {
			isa = PBXVariantGroup;
			children = (
				3683AC901C307093001CF22B /* Base */,
			);
			name = Main.storyboard;
			sourceTree = "<group>";
		};
		3683AC941C307093001CF22B /* LaunchScreen.xib */ = {
			isa = PBXVariantGroup;
			children = (
				3683AC951C307093001CF22B /* Base */,
			);
			name = LaunchScreen.xib;
			sourceTree = "<group>";
		};
/* End PBXVariantGroup section */

/* Begin XCBuildConfiguration section */
		3683ACA31C307093001CF22B /* Debug */ = {
			isa = XCBuildConfiguration;
			buildSettings = {
				ALWAYS_SEARCH_USER_PATHS = NO;
				CLANG_CXX_LANGUAGE_STANDARD = "gnu++0x";
				CLANG_CXX_LIBRARY = "libc++";
				CLANG_ENABLE_MODULES = YES;
				CLANG_ENABLE_OBJC_ARC = YES;
				CLANG_WARN_BOOL_CONVERSION = YES;
				CLANG_WARN_CONSTANT_CONVERSION = YES;
				CLANG_WARN_DIRECT_OBJC_ISA_USAGE = YES_ERROR;
				CLANG_WARN_EMPTY_BODY = YES;
				CLANG_WARN_ENUM_CONVERSION = YES;
				CLANG_WARN_INT_CONVERSION = YES;
				CLANG_WARN_OBJC_ROOT_CLASS = YES_ERROR;
				CLANG_WARN_UNREACHABLE_CODE = YES;
				CLANG_WARN__DUPLICATE_METHOD_MATCH = YES;
				"CODE_SIGN_IDENTITY[sdk=iphoneos*]" = "iPhone Developer";
				COPY_PHASE_STRIP = NO;
				DEBUG_INFORMATION_FORMAT = "dwarf-with-dsym";
				ENABLE_STRICT_OBJC_MSGSEND = YES;
				GCC_C_LANGUAGE_STANDARD = gnu99;
				GCC_DYNAMIC_NO_PIC = NO;
				GCC_NO_COMMON_BLOCKS = YES;
				GCC_OPTIMIZATION_LEVEL = 0;
				GCC_PREPROCESSOR_DEFINITIONS = (
					"DEBUG=1",
					"$(inherited)",
				);
				GCC_SYMBOLS_PRIVATE_EXTERN = NO;
				GCC_WARN_64_TO_32_BIT_CONVERSION = YES;
				GCC_WARN_ABOUT_RETURN_TYPE = YES_ERROR;
				GCC_WARN_UNDECLARED_SELECTOR = YES;
				GCC_WARN_UNINITIALIZED_AUTOS = YES_AGGRESSIVE;
				GCC_WARN_UNUSED_FUNCTION = YES;
				GCC_WARN_UNUSED_VARIABLE = YES;
				IPHONEOS_DEPLOYMENT_TARGET = 8.4;
				MTL_ENABLE_DEBUG_INFO = YES;
				ONLY_ACTIVE_ARCH = YES;
				SDKROOT = iphoneos;
			};
			name = Debug;
		};
		3683ACA41C307093001CF22B /* Release */ = {
			isa = XCBuildConfiguration;
			buildSettings = {
				ALWAYS_SEARCH_USER_PATHS = NO;
				CLANG_CXX_LANGUAGE_STANDARD = "gnu++0x";
				CLANG_CXX_LIBRARY = "libc++";
				CLANG_ENABLE_MODULES = YES;
				CLANG_ENABLE_OBJC_ARC = YES;
				CLANG_WARN_BOOL_CONVERSION = YES;
				CLANG_WARN_CONSTANT_CONVERSION = YES;
				CLANG_WARN_DIRECT_OBJC_ISA_USAGE = YES_ERROR;
				CLANG_WARN_EMPTY_BODY = YES;
				CLANG_WARN_ENUM_CONVERSION = YES;
				CLANG_WARN_INT_CONVERSION = YES;
				CLANG_WARN_OBJC_ROOT_CLASS = YES_ERROR;
				CLANG_WARN_UNREACHABLE_CODE = YES;
				CLANG_WARN__DUPLICATE_METHOD_MATCH = YES;
				"CODE_SIGN_IDENTITY[sdk=iphoneos*]" = "iPhone Developer";
				COPY_PHASE_STRIP = NO;
				DEBUG_INFORMATION_FORMAT = "dwarf-with-dsym";
				ENABLE_NS_ASSERTIONS = NO;
				ENABLE_STRICT_OBJC_MSGSEND = YES;
				GCC_C_LANGUAGE_STANDARD = gnu99;
				GCC_NO_COMMON_BLOCKS = YES;
				GCC_WARN_64_TO_32_BIT_CONVERSION = YES;
				GCC_WARN_ABOUT_RETURN_TYPE = YES_ERROR;
				GCC_WARN_UNDECLARED_SELECTOR = YES;
				GCC_WARN_UNINITIALIZED_AUTOS = YES_AGGRESSIVE;
				GCC_WARN_UNUSED_FUNCTION = YES;
				GCC_WARN_UNUSED_VARIABLE = YES;
				IPHONEOS_DEPLOYMENT_TARGET = 8.4;
				MTL_ENABLE_DEBUG_INFO = NO;
				SDKROOT = iphoneos;
				VALIDATE_PRODUCT = YES;
			};
			name = Release;
		};
		3683ACA61C307093001CF22B /* Debug */ = {
			isa = XCBuildConfiguration;
			buildSettings = {
				ASSETCATALOG_COMPILER_APPICON_NAME = AppIcon;
				INFOPLIST_FILE = TaxCalculator/Info.plist;
				LD_RUNPATH_SEARCH_PATHS = "$(inherited) @executable_path/Frameworks";
				PRODUCT_NAME = "$(TARGET_NAME)";
			};
			name = Debug;
		};
		3683ACA71C307093001CF22B /* Release */ = {
			isa = XCBuildConfiguration;
			buildSettings = {
				ASSETCATALOG_COMPILER_APPICON_NAME = AppIcon;
				INFOPLIST_FILE = TaxCalculator/Info.plist;
				LD_RUNPATH_SEARCH_PATHS = "$(inherited) @executable_path/Frameworks";
				PRODUCT_NAME = "$(TARGET_NAME)";
			};
			name = Release;
		};
		3683ACA91C307093001CF22B /* Debug */ = {
			isa = XCBuildConfiguration;
			buildSettings = {
				BUNDLE_LOADER = "$(TEST_HOST)";
				FRAMEWORK_SEARCH_PATHS = (
					"$(SDKROOT)/Developer/Library/Frameworks",
					"$(inherited)",
				);
				GCC_PREPROCESSOR_DEFINITIONS = (
					"DEBUG=1",
					"$(inherited)",
				);
				INFOPLIST_FILE = TaxCalculatorTests/Info.plist;
				LD_RUNPATH_SEARCH_PATHS = "$(inherited) @executable_path/Frameworks @loader_path/Frameworks";
				PRODUCT_NAME = "$(TARGET_NAME)";
				TEST_HOST = "$(BUILT_PRODUCTS_DIR)/TaxCalculator.app/TaxCalculator";
			};
			name = Debug;
		};
		3683ACAA1C307093001CF22B /* Release */ = {
			isa = XCBuildConfiguration;
			buildSettings = {
				BUNDLE_LOADER = "$(TEST_HOST)";
				FRAMEWORK_SEARCH_PATHS = (
					"$(SDKROOT)/Developer/Library/Frameworks",
					"$(inherited)",
				);
				INFOPLIST_FILE = TaxCalculatorTests/Info.plist;
				LD_RUNPATH_SEARCH_PATHS = "$(inherited) @executable_path/Frameworks @loader_path/Frameworks";
				PRODUCT_NAME = "$(TARGET_NAME)";
				TEST_HOST = "$(BUILT_PRODUCTS_DIR)/TaxCalculator.app/TaxCalculator";
			};
			name = Release;
		};
/* End XCBuildConfiguration section */

/* Begin XCConfigurationList section */
		3683AC7A1C307093001CF22B /* Build configuration list for PBXProject "TaxCalculator" */ = {
			isa = XCConfigurationList;
			buildConfigurations = (
				3683ACA31C307093001CF22B /* Debug */,
				3683ACA41C307093001CF22B /* Release */,
			);
			defaultConfigurationIsVisible = 0;
			defaultConfigurationName = Release;
		};
		3683ACA51C307093001CF22B /* Build configuration list for PBXNativeTarget "TaxCalculator" */ = {
			isa = XCConfigurationList;
			buildConfigurations = (
				3683ACA61C307093001CF22B /* Debug */,
				3683ACA71C307093001CF22B /* Release */,
			);
			defaultConfigurationIsVisible = 0;
		};
		3683ACA81C307093001CF22B /* Build configuration list for PBXNativeTarget "TaxCalculatorTests" */ = {
			isa = XCConfigurationList;
			buildConfigurations = (
				3683ACA91C307093001CF22B /* Debug */,
				3683ACAA1C307093001CF22B /* Release */,
			);
			defaultConfigurationIsVisible = 0;
		};
/* End XCConfigurationList section */

/* Begin XCVersionGroup section */
		3683AC891C307093001CF22B /* TaxCalculator.xcdatamodeld */ = {
			isa = XCVersionGroup;
			children = (
				3683AC8A1C307093001CF22B /* TaxCalculator.xcdatamodel */,
			);
			currentVersion = 3683AC8A1C307093001CF22B /* TaxCalculator.xcdatamodel */;
			path = TaxCalculator.xcdatamodeld;
			sourceTree = "<group>";
			versionGroupType = wrapper.xcdatamodel;
		};
/* End XCVersionGroup section */
	};
	rootObject = 3683AC771C307093001CF22B /* Project object */;
}
